<?xml version="1.0" encoding="utf-8"?>
<Project ToolsVersion="4.0" xmlns="http://schemas.microsoft.com/developer/msbuild/2003">
  <ItemGroup>
    <Filter Include="ImGui">
      <UniqueIdentifier>{cf9e2ac6-b93d-4ce4-be2b-2dceec48ea9c}</UniqueIdentifier>
    </Filter>
    <Filter Include="ImGui Win32/DX11/OpenVR">
      <UniqueIdentifier>{02f38889-5b36-40a8-a60d-60d4016baec4}</UniqueIdentifier>
    </Filter>
    <Filter Include="Shared">
      <UniqueIdentifier>{2fac41b3-89b4-4cdf-9924-e4d9ae01e9e3}</UniqueIdentifier>
    </Filter>
  </ItemGroup>
  <ItemGroup>
    <ClCompile Include="imgui\imgui_widgets.cpp">
      <Filter>ImGui</Filter>
    </ClCompile>
    <ClCompile Include="imgui\imgui_draw.cpp">
      <Filter>ImGui</Filter>
    </ClCompile>
    <ClCompile Include="imgui\imgui_demo.cpp">
      <Filter>ImGui</Filter>
    </ClCompile>
    <ClCompile Include="imgui\imgui.cpp">
      <Filter>ImGui</Filter>
    </ClCompile>
    <ClCompile Include="DesktopPlusUI.cpp" />
    <ClCompile Include="imgui_win32_dx11_openvr\imgui_impl_dx11_openvr.cpp">
      <Filter>ImGui Win32/DX11/OpenVR</Filter>
    </ClCompile>
    <ClCompile Include="imgui_win32_dx11_openvr\imgui_impl_win32_openvr.cpp">
      <Filter>ImGui Win32/DX11/OpenVR</Filter>
    </ClCompile>
    <ClCompile Include="TextureManager.cpp" />
    <ClCompile Include="WindowSettings.cpp" />
    <ClCompile Include="WindowMainBar.cpp" />
    <ClCompile Include="UIManager.cpp" />
    <ClCompile Include="..\Shared\Matrices.cpp">
      <Filter>Shared</Filter>
    </ClCompile>
    <ClCompile Include="..\Shared\InterprocessMessaging.cpp">
      <Filter>Shared</Filter>
    </ClCompile>
    <ClCompile Include="..\Shared\Util.cpp">
      <Filter>Shared</Filter>
    </ClCompile>
    <ClCompile Include="..\Shared\ConfigManager.cpp">
      <Filter>Shared</Filter>
    </ClCompile>
    <ClCompile Include="..\Shared\Actions.cpp">
      <Filter>Shared</Filter>
    </ClCompile>
    <ClCompile Include="ImGuiExt.cpp" />
    <ClCompile Include="WindowKeyboardHelper.cpp" />
    <ClCompile Include="..\Shared\Ini.cpp">
      <Filter>Shared</Filter>
    </ClCompile>
    <ClCompile Include="..\Shared\OverlayManager.cpp">
      <Filter>Shared</Filter>
    </ClCompile>
    <ClCompile Include="WindowSideBar.cpp" />
    <ClCompile Include="FloatingUI.cpp" />
    <ClCompile Include="DashboardUI.cpp" />
    <ClCompile Include="..\Shared\WindowList.cpp">
      <Filter>Shared</Filter>
    </ClCompile>
  </ItemGroup>
  <ItemGroup>
    <ClInclude Include="imgui\imstb_truetype.h">
      <Filter>ImGui</Filter>
    </ClInclude>
    <ClInclude Include="imgui\imgui.h">
      <Filter>ImGui</Filter>
    </ClInclude>
    <ClInclude Include="imgui\imgui_internal.h">
      <Filter>ImGui</Filter>
    </ClInclude>
    <ClInclude Include="imgui\imstb_rectpack.h">
      <Filter>ImGui</Filter>
    </ClInclude>
    <ClInclude Include="imgui\imstb_textedit.h">
      <Filter>ImGui</Filter>
    </ClInclude>
    <ClInclude Include="imgui\imconfig.h">
      <Filter>ImGui</Filter>
    </ClInclude>
    <ClInclude Include="imgui_win32_dx11_openvr\imgui_impl_win32_openvr.h">
      <Filter>ImGui Win32/DX11/OpenVR</Filter>
    </ClInclude>
    <ClInclude Include="imgui_win32_dx11_openvr\imgui_impl_dx11_openvr.h">
      <Filter>ImGui Win32/DX11/OpenVR</Filter>
    </ClInclude>
    <ClInclude Include="TextureManager.h" />
    <ClInclude Include="WindowSettings.h" />
    <ClInclude Include="WindowMainBar.h" />
    <ClInclude Include="UIManager.h" />
    <ClInclude Include="..\Shared\Vectors.h">
      <Filter>Shared</Filter>
    </ClInclude>
    <ClInclude Include="..\Shared\Matrices.h">
      <Filter>Shared</Filter>
    </ClInclude>
    <ClInclude Include="..\Shared\InterprocessMessaging.h">
      <Filter>Shared</Filter>
    </ClInclude>
    <ClInclude Include="..\Shared\Ini.h">
      <Filter>Shared</Filter>
    </ClInclude>
    <ClInclude Include="..\Shared\Util.h">
      <Filter>Shared</Filter>
    </ClInclude>
    <ClInclude Include="..\Shared\ConfigManager.h">
      <Filter>Shared</Filter>
    </ClInclude>
    <ClInclude Include="..\Shared\openvr.h">
      <Filter>Shared</Filter>
    </ClInclude>
    <ClInclude Include="ImGuiExt.h" />
    <ClInclude Include="..\Shared\Actions.h">
      <Filter>Shared</Filter>
    </ClInclude>
    <ClInclude Include="WindowKeyboardHelper.h" />
    <ClInclude Include="resource.h" />
    <ClInclude Include="..\Shared\DPRect.h">
      <Filter>Shared</Filter>
    </ClInclude>
    <ClInclude Include="..\Shared\OverlayManager.h">
      <Filter>Shared</Filter>
    </ClInclude>
    <ClInclude Include="WindowSideBar.h" />
    <ClInclude Include="FloatingUI.h" />
    <ClInclude Include="DashboardUI.h" />
    <ClInclude Include="..\Shared\WindowList.h">
      <Filter>Shared</Filter>
    </ClInclude>
  </ItemGroup>
  <ItemGroup>
    <FxCompile Include="imgui_win32_dx11_openvr\PixelShaderImGui.hlsl">
      <Filter>ImGui Win32/DX11/OpenVR</Filter>
    </FxCompile>
    <FxCompile Include="imgui_win32_dx11_openvr\VertexShaderImGui.hlsl">
      <Filter>ImGui Win32/DX11/OpenVR</Filter>
    </FxCompile>
  </ItemGroup>
  <ItemGroup>
    <ResourceCompile Include="DesktopPlusUI.rc" />
  </ItemGroup>
  <ItemGroup>
    <Image Include="..\Shared\icon_desktop.ico" />
  </ItemGroup>
</Project>