
Microsoft Visual Studio Solution File, Format Version 12.00
# Visual Studio Version 16
VisualStudioVersion = 16.0.29519.87
MinimumVisualStudioVersion = 10.0.40219.1
Project("{8BC9CEB8-8B4A-11D0-8D11-00A0C91BC942}") = "DesktopPlus", "DesktopPlus\DesktopPlus.vcxproj", "{05050918-71E9-AF87-0B3C-6F34D471A55A}"
EndProject
Project("{2150E333-8FDC-42A3-9474-1A3956D46DE8}") = "Solution Items", "Solution Items", "{C34B4755-C6E3-4A4B-9992-76CAC48CA3CB}"
EndProject
Project("{8BC9CEB8-8B4A-11D0-8D11-00A0C91BC942}") = "DesktopPlusUI", "DesktopPlusUI\DesktopPlusUI.vcxproj", "{14405CEC-DF3D-435E-8F11-B79BAC56D7D8}"
EndProject
Global
	GlobalSection(SolutionConfigurationPlatforms) = preSolution
		Debug|x64 = Debug|x64
		Debug|x86 = Debug|x86
		Release|x64 = Release|x64
		Release|x86 = Release|x86
	EndGlobalSection
	GlobalSection(ProjectConfigurationPlatforms) = postSolution
		{05050918-71E9-AF87-0B3C-6F34D471A55A}.Debug|x64.ActiveCfg = Debug|x64
		{05050918-71E9-AF87-0B3C-6F34D471A55A}.Debug|x64.Build.0 = Debug|x64
		{05050918-71E9-AF87-0B3C-6F34D471A55A}.Debug|x86.ActiveCfg = Debug|x64
		{05050918-71E9-AF87-0B3C-6F34D471A55A}.Debug|x86.Build.0 = Debug|x64
		{05050918-71E9-AF87-0B3C-6F34D471A55A}.Release|x64.ActiveCfg = Release|x64
		{05050918-71E9-AF87-0B3C-6F34D471A55A}.Release|x64.Build.0 = Release|x64
		{05050918-71E9-AF87-0B3C-6F34D471A55A}.Release|x86.ActiveCfg = Release|Win32
		{05050918-71E9-AF87-0B3C-6F34D471A55A}.Release|x86.Build.0 = Release|Win32
		{14405CEC-DF3D-435E-8F11-B79BAC56D7D8}.Debug|x64.ActiveCfg = Debug|x64
		{14405CEC-DF3D-435E-8F11-B79BAC56D7D8}.Debug|x64.Build.0 = Debug|x64
		{14405CEC-DF3D-435E-8F11-B79BAC56D7D8}.Debug|x86.ActiveCfg = Debug|Win32
		{14405CEC-DF3D-435E-8F11-B79BAC56D7D8}.Debug|x86.Build.0 = Debug|Win32
		{14405CEC-DF3D-435E-8F11-B79BAC56D7D8}.Release|x64.ActiveCfg = Release|x64
		{14405CEC-DF3D-435E-8F11-B79BAC56D7D8}.Release|x64.Build.0 = Release|x64
		{14405CEC-DF3D-435E-8F11-B79BAC56D7D8}.Release|x86.ActiveCfg = Release|Win32
		{14405CEC-DF3D-435E-8F11-B79BAC56D7D8}.Release|x86.Build.0 = Release|Win32
	EndGlobalSection
	GlobalSection(SolutionProperties) = preSolution
		HideSolutionNode = FALSE
	EndGlobalSection
EndGlobal
